{
  "name": "omnigraph-openapi-array-bug",
  "version": "1.0.0",
  "lockfileVersion": 3,
  "requires": true,
  "packages": {
    "": {
      "name": "omnigraph-openapi-array-bug",
      "version": "1.0.0",
      "license": "ISC",
      "dependencies": {
        "@omnigraph/openapi": "^0.99.0",
        "graphql": "^16.8.1"
      }
    },
    "node_modules/@graphql-inspector/core": {
      "version": "5.0.2",
      "resolved": "https://registry.npmjs.org/@graphql-inspector/core/-/core-5.0.2.tgz",
      "integrity": "sha512-pXHPCggwLmgi5NACPPV4qyf2xW/sQONnu6ZqCAid3k/S2APmVYN4Z3OvxvLA12NFhzby5Sz5K4fRsId43cK8ww==",
      "peer": true,
      "dependencies": {
        "dependency-graph": "0.11.0",
        "object-inspect": "1.12.3",
        "tslib": "2.6.2"
      },
      "engines": {
        "node": ">=16.0.0"
      },
      "peerDependencies": {
        "graphql": "^14.0.0 || ^15.0.0 || ^16.0.0"
      }
    },
    "node_modules/@graphql-mesh/cross-helpers": {
      "version": "0.4.1",
      "resolved": "https://registry.npmjs.org/@graphql-mesh/cross-helpers/-/cross-helpers-0.4.1.tgz",
      "integrity": "sha512-NkLzFuY72tmmKO7gKWoDzoYcRVf3lLoCdlw30fSNKFKEWDAV3Tyh4v0fPvU3SEmoTJio7v0TIYZqtVt3dBBDFw==",
      "peer": true,
      "dependencies": {
        "path-browserify": "1.0.1"
      },
      "engines": {
        "node": ">=16.0.0"
      },
      "peerDependencies": {
        "@graphql-tools/utils": "^9.2.1 || ^10.0.0",
        "graphql": "*"
      }
    },
    "node_modules/@graphql-mesh/store": {
      "version": "0.97.0",
      "resolved": "https://registry.npmjs.org/@graphql-mesh/store/-/store-0.97.0.tgz",
      "integrity": "sha512-w14e6f9xqMHygNWipsfm5o6s+92w9N6WhEgag43lE+UCub/P4KqCnRRJT0dMQIASEmZbX7fnYghycekYz7UZ1A==",
      "peer": true,
      "dependencies": {
        "@graphql-inspector/core": "5.0.2"
      },
      "engines": {
        "node": ">=16.0.0"
      },
      "peerDependencies": {
        "@graphql-mesh/cross-helpers": "^0.4.1",
        "@graphql-mesh/types": "^0.97.0",
        "@graphql-mesh/utils": "^0.97.0",
        "@graphql-tools/utils": "^9.2.1 || ^10.0.0",
        "graphql": "*",
        "tslib": "^2.4.0"
      }
    },
    "node_modules/@graphql-mesh/string-interpolation": {
      "version": "0.5.3",
      "resolved": "https://registry.npmjs.org/@graphql-mesh/string-interpolation/-/string-interpolation-0.5.3.tgz",
      "integrity": "sha512-/R4kj3M1uqUie/7RZ58zgRrT8RBrDsCCR6ii00s62DbLsl+jZYOZFyTqHGsFbP7L7aHnl0fo1dwhEJIs+rjCLg==",
      "dependencies": {
        "dayjs": "1.11.10",
        "json-pointer": "0.6.2",
        "lodash.get": "4.4.2"
      },
      "engines": {
        "node": ">=16.0.0"
      },
      "peerDependencies": {
        "graphql": "*",
        "tslib": "^2.4.0"
      }
    },
    "node_modules/@graphql-mesh/transport-common": {
      "version": "0.1.0",
      "resolved": "https://registry.npmjs.org/@graphql-mesh/transport-common/-/transport-common-0.1.0.tgz",
      "integrity": "sha512-+sv53NHoPPKveEGK6TNuWSeqI/z+0jVOMdNsZo7QEf8nqV2rYEu5fFAK2xuWuiOkDfd66oGt96OXbw6clc/kOg==",
      "dependencies": {
        "@graphql-tools/delegate": "^10.0.3",
        "@graphql-tools/utils": "^10.0.12"
      },
      "engines": {
        "node": ">=16.0.0"
      },
      "peerDependencies": {
        "@graphql-mesh/types": "^0.97.0",
        "graphql": "*",
        "tslib": "^2.4.0"
      }
    },
    "node_modules/@graphql-mesh/transport-rest": {
      "version": "0.1.0",
      "resolved": "https://registry.npmjs.org/@graphql-mesh/transport-rest/-/transport-rest-0.1.0.tgz",
      "integrity": "sha512-EC96Ph6boiq+V3wWZnb9xaK88nNRrHszHikVfxzHLJj+7krtn/ILKgyDOW5LOCcZvrEzP+v/5DSGaD0qOdyIfQ==",
      "dependencies": {
        "@graphql-mesh/string-interpolation": "^0.5.3",
        "dset": "^3.1.3",
        "graphql-fields": "^2.0.3",
        "graphql-scalars": "^1.22.4",
        "qs": "6.11.2",
        "url-join": "4.0.1"
      },
      "engines": {
        "node": ">=16.0.0"
      },
      "peerDependencies": {
        "@graphql-mesh/cross-helpers": "^0.4.1",
        "@graphql-mesh/transport-common": "^0.1.0",
        "@graphql-mesh/types": "^0.97.0",
        "@graphql-mesh/utils": "^0.97.0",
        "@graphql-tools/utils": "^10.0.12",
        "@whatwg-node/fetch": "^0.9.15",
        "graphql": "*",
        "tslib": "^2.4.0"
      }
    },
    "node_modules/@graphql-mesh/types": {
      "version": "0.97.0",
      "resolved": "https://registry.npmjs.org/@graphql-mesh/types/-/types-0.97.0.tgz",
      "integrity": "sha512-7u/I4NXModk3OHlOMxaczIK47gq/J2S/oLUCOADp5AVmQqXqsJ29TWQhKjG51yl7M44lic1TWTEDvx/HD2F/DQ==",
      "peer": true,
      "dependencies": {
        "@graphql-tools/batch-delegate": "^9.0.0",
        "@graphql-tools/delegate": "^10.0.0",
        "@graphql-typed-document-node/core": "^3.2.0"
      },
      "engines": {
        "node": ">=16.0.0"
      },
      "peerDependencies": {
        "@graphql-mesh/store": "^0.97.0",
        "@graphql-tools/utils": "^9.2.1 || ^10.0.0",
        "graphql": "*",
        "tslib": "^2.4.0"
      }
    },
    "node_modules/@graphql-mesh/utils": {
      "version": "0.97.0",
      "resolved": "https://registry.npmjs.org/@graphql-mesh/utils/-/utils-0.97.0.tgz",
      "integrity": "sha512-oS4QXrgpwW1Md4IyBkmosdWW9PUM3xWkKQClUgi+x74qoczpb3AZpv/l/bxt3ntjlCCDejRNPxgBYMbx7fLyJA==",
      "peer": true,
      "dependencies": {
        "@graphql-mesh/string-interpolation": "^0.5.3",
        "@graphql-tools/delegate": "^10.0.0",
        "@whatwg-node/fetch": "^0.9.13",
        "dset": "^3.1.2",
        "js-yaml": "^4.1.0",
        "lodash.get": "^4.4.2",
        "lodash.topath": "^4.5.2",
        "tiny-lru": "^11.0.0"
      },
      "engines": {
        "node": ">=16.0.0"
      },
      "peerDependencies": {
        "@graphql-mesh/cross-helpers": "^0.4.1",
        "@graphql-mesh/types": "^0.97.0",
        "@graphql-tools/utils": "^9.2.1 || ^10.0.0",
        "graphql": "*",
        "tslib": "^2.4.0"
      }
    },
    "node_modules/@graphql-tools/batch-delegate": {
      "version": "9.0.1",
      "resolved": "https://registry.npmjs.org/@graphql-tools/batch-delegate/-/batch-delegate-9.0.1.tgz",
      "integrity": "sha512-a5DWcrjPLvLCT1PvDetWfwxWHAxupGW9xDesMJOcM7NvBktBWMDheD0qHHvEBLmCL4dimWpvilmQaowQx7oJJw==",
      "peer": true,
      "dependencies": {
        "@graphql-tools/delegate": "^10.0.4",
        "@graphql-tools/utils": "^10.0.13",
        "dataloader": "2.2.2",
        "tslib": "^2.4.0",
        "value-or-promise": "^1.0.12"
      },
      "engines": {
        "node": ">=16.0.0"
      },
      "peerDependencies": {
        "graphql": "^14.0.0 || ^15.0.0 || ^16.0.0 || ^17.0.0"
      }
    },
    "node_modules/@graphql-tools/batch-execute": {
      "version": "9.0.4",
      "resolved": "https://registry.npmjs.org/@graphql-tools/batch-execute/-/batch-execute-9.0.4.tgz",
      "integrity": "sha512-kkebDLXgDrep5Y0gK1RN3DMUlLqNhg60OAz0lTCqrYeja6DshxLtLkj+zV4mVbBA4mQOEoBmw6g1LZs3dA84/w==",
      "dependencies": {
        "@graphql-tools/utils": "^10.0.13",
        "dataloader": "^2.2.2",
        "tslib": "^2.4.0",
        "value-or-promise": "^1.0.12"
      },
      "engines": {
        "node": ">=16.0.0"
      },
      "peerDependencies": {
        "graphql": "^14.0.0 || ^15.0.0 || ^16.0.0 || ^17.0.0"
      }
    },
    "node_modules/@graphql-tools/delegate": {
      "version": "10.0.4",
      "resolved": "https://registry.npmjs.org/@graphql-tools/delegate/-/delegate-10.0.4.tgz",
      "integrity": "sha512-WswZRbQZMh/ebhc8zSomK9DIh6Pd5KbuiMsyiKkKz37TWTrlCOe+4C/fyrBFez30ksq6oFyCeSKMwfrCbeGo0Q==",
      "dependencies": {
        "@graphql-tools/batch-execute": "^9.0.4",
        "@graphql-tools/executor": "^1.2.1",
        "@graphql-tools/schema": "^10.0.3",
        "@graphql-tools/utils": "^10.0.13",
        "dataloader": "^2.2.2",
        "tslib": "^2.5.0"
      },
      "engines": {
        "node": ">=16.0.0"
      },
      "peerDependencies": {
        "graphql": "^14.0.0 || ^15.0.0 || ^16.0.0 || ^17.0.0"
      }
    },
    "node_modules/@graphql-tools/executor": {
      "version": "1.2.1",
      "resolved": "https://registry.npmjs.org/@graphql-tools/executor/-/executor-1.2.1.tgz",
      "integrity": "sha512-BP5UI1etbNOXmTSt7q4NL1+zsURFgh2pG+Hyt9K/xO0LlsfbSx59L5dHLerqZP7Js0xI6GYqrUQ4m29rUwUHJg==",
      "dependencies": {
        "@graphql-tools/utils": "^10.0.13",
        "@graphql-typed-document-node/core": "3.2.0",
        "@repeaterjs/repeater": "^3.0.4",
        "tslib": "^2.4.0",
        "value-or-promise": "^1.0.12"
      },
      "engines": {
        "node": ">=16.0.0"
      },
      "peerDependencies": {
        "graphql": "^14.0.0 || ^15.0.0 || ^16.0.0 || ^17.0.0"
      }
    },
    "node_modules/@graphql-tools/merge": {
      "version": "9.0.3",
      "resolved": "https://registry.npmjs.org/@graphql-tools/merge/-/merge-9.0.3.tgz",
      "integrity": "sha512-FeKv9lKLMwqDu0pQjPpF59GY3HReUkWXKsMIuMuJQOKh9BETu7zPEFUELvcw8w+lwZkl4ileJsHXC9+AnsT2Lw==",
      "dependencies": {
        "@graphql-tools/utils": "^10.0.13",
        "tslib": "^2.4.0"
      },
      "engines": {
        "node": ">=16.0.0"
      },
      "peerDependencies": {
        "graphql": "^14.0.0 || ^15.0.0 || ^16.0.0 || ^17.0.0"
      }
    },
    "node_modules/@graphql-tools/schema": {
      "version": "10.0.3",
      "resolved": "https://registry.npmjs.org/@graphql-tools/schema/-/schema-10.0.3.tgz",
      "integrity": "sha512-p28Oh9EcOna6i0yLaCFOnkcBDQECVf3SCexT6ktb86QNj9idnkhI+tCxnwZDh58Qvjd2nURdkbevvoZkvxzCog==",
      "dependencies": {
        "@graphql-tools/merge": "^9.0.3",
        "@graphql-tools/utils": "^10.0.13",
        "tslib": "^2.4.0",
        "value-or-promise": "^1.0.12"
      },
      "engines": {
        "node": ">=16.0.0"
      },
      "peerDependencies": {
        "graphql": "^14.0.0 || ^15.0.0 || ^16.0.0 || ^17.0.0"
      }
    },
    "node_modules/@graphql-tools/utils": {
      "version": "10.1.0",
      "resolved": "https://registry.npmjs.org/@graphql-tools/utils/-/utils-10.1.0.tgz",
      "integrity": "sha512-wLPqhgeZ9BZJPRoaQbsDN/CtJDPd/L4qmmtPkjI3NuYJ39x+Eqz1Sh34EAGMuDh+xlOHqBwHczkZUpoK9tvzjw==",
      "dependencies": {
        "@graphql-typed-document-node/core": "^3.1.1",
        "cross-inspect": "1.0.0",
        "dset": "^3.1.2",
        "tslib": "^2.4.0"
      },
      "engines": {
        "node": ">=16.0.0"
      },
      "peerDependencies": {
        "graphql": "^14.0.0 || ^15.0.0 || ^16.0.0 || ^17.0.0"
      }
    },
    "node_modules/@graphql-typed-document-node/core": {
      "version": "3.2.0",
      "resolved": "https://registry.npmjs.org/@graphql-typed-document-node/core/-/core-3.2.0.tgz",
      "integrity": "sha512-mB9oAsNCm9aM3/SOv4YtBMqZbYj10R7dkq8byBqxGY/ncFwhf2oQzMV+LCRlWoDSEBJ3COiR1yeDvMtsoOsuFQ==",
      "peerDependencies": {
        "graphql": "^0.8.0 || ^0.9.0 || ^0.10.0 || ^0.11.0 || ^0.12.0 || ^0.13.0 || ^14.0.0 || ^15.0.0 || ^16.0.0 || ^17.0.0"
      }
    },
    "node_modules/@json-schema-tools/meta-schema": {
      "version": "1.7.0",
      "resolved": "https://registry.npmjs.org/@json-schema-tools/meta-schema/-/meta-schema-1.7.0.tgz",
      "integrity": "sha512-3pDzVUssW3hVnf8gvSu1sKaVIpLyvmpbxgGfkUoaBiErFKRS2CZOufHD0pUFoa5e6Cd5oa72s402nJbnDz76CA=="
    },
    "node_modules/@kamilkisiela/fast-url-parser": {
      "version": "1.1.4",
      "resolved": "https://registry.npmjs.org/@kamilkisiela/fast-url-parser/-/fast-url-parser-1.1.4.tgz",
      "integrity": "sha512-gbkePEBupNydxCelHCESvFSFM8XPh1Zs/OAVRW/rKpEqPAl5PbOM90Si8mv9bvnR53uPD2s/FiRxdvSejpRJew=="
    },
    "node_modules/@omnigraph/json-schema": {
      "version": "0.99.0",
      "resolved": "https://registry.npmjs.org/@omnigraph/json-schema/-/json-schema-0.99.0.tgz",
      "integrity": "sha512-hroaVewBy8+CZ7B2JR7DolDWDxhirst4VgU9089UctKqNEZ09XCg8oNx5w3G1AncO0QrqDyuWFHuVEe2JHslcQ==",
      "dependencies": {
        "@graphql-mesh/string-interpolation": "0.5.3",
        "@graphql-mesh/transport-common": "^0.1.0",
        "@graphql-mesh/transport-rest": "^0.1.0",
        "@graphql-tools/delegate": "^10.0.3",
        "@json-schema-tools/meta-schema": "1.7.0",
        "@whatwg-node/fetch": "^0.9.0",
        "ajv": "8.12.0",
        "ajv-formats": "2.1.1",
        "dset": "3.1.3",
        "graphql-compose": "9.0.10",
        "graphql-fields": "^2.0.3",
        "graphql-scalars": "^1.22.4",
        "json-machete": "0.97.1",
        "pascal-case": "3.1.2",
        "qs": "6.11.2",
        "to-json-schema": "0.2.5",
        "url-join": "4.0.1"
      },
      "engines": {
        "node": ">=16.0.0"
      },
      "peerDependencies": {
        "@graphql-mesh/cross-helpers": "^0.4.1",
        "@graphql-mesh/types": "^0.97.0",
        "@graphql-mesh/utils": "^0.97.0",
        "@graphql-tools/utils": "^9.2.1 || ^10.0.0",
        "graphql": "*",
        "tslib": "^2.4.0"
      }
    },
    "node_modules/@omnigraph/openapi": {
      "version": "0.99.0",
      "resolved": "https://registry.npmjs.org/@omnigraph/openapi/-/openapi-0.99.0.tgz",
      "integrity": "sha512-W2IsCMroFef47nH5bmwrNqpzoiLXvQ6XzvzNDEY5KXE4MKlShqAljOjB/J2QbS9Sn5qfijDpWCHO+XkIsNxMFg==",
      "dependencies": {
        "@graphql-mesh/string-interpolation": "^0.5.3",
        "@graphql-tools/delegate": "^10.0.3",
        "@omnigraph/json-schema": "^0.99.0",
        "change-case": "^4.1.2",
        "json-machete": "^0.97.1",
        "openapi-types": "^12.1.0"
      },
      "engines": {
        "node": ">=16.0.0"
      },
      "peerDependencies": {
        "@graphql-mesh/cross-helpers": "^0.4.1",
        "@graphql-mesh/types": "^0.97.0",
        "@graphql-mesh/utils": "^0.97.0",
        "graphql": "*",
        "tslib": "^2.4.0"
      }
    },
    "node_modules/@repeaterjs/repeater": {
      "version": "3.0.5",
      "resolved": "https://registry.npmjs.org/@repeaterjs/repeater/-/repeater-3.0.5.tgz",
      "integrity": "sha512-l3YHBLAol6d/IKnB9LhpD0cEZWAoe3eFKUyTYWmFmCO2Q/WOckxLQAUyMZWwZV2M/m3+4vgRoaolFqaII82/TA=="
    },
    "node_modules/@whatwg-node/events": {
      "version": "0.1.1",
      "resolved": "https://registry.npmjs.org/@whatwg-node/events/-/events-0.1.1.tgz",
      "integrity": "sha512-AyQEn5hIPV7Ze+xFoXVU3QTHXVbWPrzaOkxtENMPMuNL6VVHrp4hHfDt9nrQpjO7BgvuM95dMtkycX5M/DZR3w==",
      "engines": {
        "node": ">=16.0.0"
      }
    },
    "node_modules/@whatwg-node/fetch": {
      "version": "0.9.17",
      "resolved": "https://registry.npmjs.org/@whatwg-node/fetch/-/fetch-0.9.17.tgz",
      "integrity": "sha512-TDYP3CpCrxwxpiNY0UMNf096H5Ihf67BK1iKGegQl5u9SlpEDYrvnV71gWBGJm+Xm31qOy8ATgma9rm8Pe7/5Q==",
      "dependencies": {
        "@whatwg-node/node-fetch": "^0.5.7",
        "urlpattern-polyfill": "^10.0.0"
      },
      "engines": {
        "node": ">=16.0.0"
      }
    },
    "node_modules/@whatwg-node/node-fetch": {
      "version": "0.5.7",
      "resolved": "https://registry.npmjs.org/@whatwg-node/node-fetch/-/node-fetch-0.5.7.tgz",
      "integrity": "sha512-YZA+N3JcW1eh2QRi7o/ij+M07M0dqID73ltgsOEMRyEc2UYVDbyomaih+CWCEZqBIDHw4KMDveXvv4SBZ4TLIw==",
      "dependencies": {
        "@kamilkisiela/fast-url-parser": "^1.1.4",
        "@whatwg-node/events": "^0.1.0",
        "busboy": "^1.6.0",
        "fast-querystring": "^1.1.1",
        "tslib": "^2.3.1"
      },
      "engines": {
        "node": ">=16.0.0"
      }
    },
    "node_modules/ajv": {
      "version": "8.12.0",
      "resolved": "https://registry.npmjs.org/ajv/-/ajv-8.12.0.tgz",
      "integrity": "sha512-sRu1kpcO9yLtYxBKvqfTeh9KzZEwO3STyX1HT+4CaDzC6HpTGYhIhPIzj9XuKU7KYDwnaeh5hcOwjy1QuJzBPA==",
      "dependencies": {
        "fast-deep-equal": "^3.1.1",
        "json-schema-traverse": "^1.0.0",
        "require-from-string": "^2.0.2",
        "uri-js": "^4.2.2"
      },
      "funding": {
        "type": "github",
        "url": "https://github.com/sponsors/epoberezkin"
      }
    },
    "node_modules/ajv-formats": {
      "version": "2.1.1",
      "resolved": "https://registry.npmjs.org/ajv-formats/-/ajv-formats-2.1.1.tgz",
      "integrity": "sha512-Wx0Kx52hxE7C18hkMEggYlEifqWZtYaRgouJor+WMdPnQyEK13vgEWyVNup7SoeeoLMsr4kf5h6dOW11I15MUA==",
      "dependencies": {
        "ajv": "^8.0.0"
      },
      "peerDependencies": {
        "ajv": "^8.0.0"
      },
      "peerDependenciesMeta": {
        "ajv": {
          "optional": true
        }
      }
    },
    "node_modules/argparse": {
      "version": "2.0.1",
      "resolved": "https://registry.npmjs.org/argparse/-/argparse-2.0.1.tgz",
      "integrity": "sha512-8+9WqebbFzpX9OR+Wa6O29asIogeRMzcGtAINdpMHHyAg10f05aSFVBbcEqGf/PXw1EjAZ+q2/bEBg3DvurK3Q==",
      "peer": true
    },
    "node_modules/busboy": {
      "version": "1.6.0",
      "resolved": "https://registry.npmjs.org/busboy/-/busboy-1.6.0.tgz",
      "integrity": "sha512-8SFQbg/0hQ9xy3UNTB0YEnsNBbWfhf7RtnzpL7TkBiTBRfrQ9Fxcnz7VJsleJpyp6rVLvXiuORqjlHi5q+PYuA==",
      "dependencies": {
        "streamsearch": "^1.1.0"
      },
      "engines": {
        "node": ">=10.16.0"
      }
    },
    "node_modules/call-bind": {
      "version": "1.0.7",
      "resolved": "https://registry.npmjs.org/call-bind/-/call-bind-1.0.7.tgz",
      "integrity": "sha512-GHTSNSYICQ7scH7sZ+M2rFopRoLh8t2bLSW6BbgrtLsahOIB5iyAVJf9GjWK3cYTDaMj4XdBpM1cA6pIS0Kv2w==",
      "dependencies": {
        "es-define-property": "^1.0.0",
        "es-errors": "^1.3.0",
        "function-bind": "^1.1.2",
        "get-intrinsic": "^1.2.4",
        "set-function-length": "^1.2.1"
      },
      "engines": {
        "node": ">= 0.4"
      },
      "funding": {
        "url": "https://github.com/sponsors/ljharb"
      }
    },
    "node_modules/camel-case": {
      "version": "4.1.2",
      "resolved": "https://registry.npmjs.org/camel-case/-/camel-case-4.1.2.tgz",
      "integrity": "sha512-gxGWBrTT1JuMx6R+o5PTXMmUnhnVzLQ9SNutD4YqKtI6ap897t3tKECYla6gCWEkplXnlNybEkZg9GEGxKFCgw==",
      "dependencies": {
        "pascal-case": "^3.1.2",
        "tslib": "^2.0.3"
      }
    },
    "node_modules/capital-case": {
      "version": "1.0.4",
      "resolved": "https://registry.npmjs.org/capital-case/-/capital-case-1.0.4.tgz",
      "integrity": "sha512-ds37W8CytHgwnhGGTi88pcPyR15qoNkOpYwmMMfnWqqWgESapLqvDx6huFjQ5vqWSn2Z06173XNA7LtMOeUh1A==",
      "dependencies": {
        "no-case": "^3.0.4",
        "tslib": "^2.0.3",
        "upper-case-first": "^2.0.2"
      }
    },
    "node_modules/change-case": {
      "version": "4.1.2",
      "resolved": "https://registry.npmjs.org/change-case/-/change-case-4.1.2.tgz",
      "integrity": "sha512-bSxY2ws9OtviILG1EiY5K7NNxkqg/JnRnFxLtKQ96JaviiIxi7djMrSd0ECT9AC+lttClmYwKw53BWpOMblo7A==",
      "dependencies": {
        "camel-case": "^4.1.2",
        "capital-case": "^1.0.4",
        "constant-case": "^3.0.4",
        "dot-case": "^3.0.4",
        "header-case": "^2.0.4",
        "no-case": "^3.0.4",
        "param-case": "^3.0.4",
        "pascal-case": "^3.1.2",
        "path-case": "^3.0.4",
        "sentence-case": "^3.0.4",
        "snake-case": "^3.0.4",
        "tslib": "^2.0.3"
      }
    },
    "node_modules/constant-case": {
      "version": "3.0.4",
      "resolved": "https://registry.npmjs.org/constant-case/-/constant-case-3.0.4.tgz",
      "integrity": "sha512-I2hSBi7Vvs7BEuJDr5dDHfzb/Ruj3FyvFyh7KLilAjNQw3Be+xgqUBA2W6scVEcL0hL1dwPRtIqEPVUCKkSsyQ==",
      "dependencies": {
        "no-case": "^3.0.4",
        "tslib": "^2.0.3",
        "upper-case": "^2.0.2"
      }
    },
    "node_modules/cross-inspect": {
      "version": "1.0.0",
      "resolved": "https://registry.npmjs.org/cross-inspect/-/cross-inspect-1.0.0.tgz",
      "integrity": "sha512-4PFfn4b5ZN6FMNGSZlyb7wUhuN8wvj8t/VQHZdM4JsDcruGJ8L2kf9zao98QIrBPFCpdk27qst/AGTl7pL3ypQ==",
      "dependencies": {
        "tslib": "^2.4.0"
      },
      "engines": {
        "node": ">=16.0.0"
      }
    },
    "node_modules/dataloader": {
      "version": "2.2.2",
      "resolved": "https://registry.npmjs.org/dataloader/-/dataloader-2.2.2.tgz",
      "integrity": "sha512-8YnDaaf7N3k/q5HnTJVuzSyLETjoZjVmHc4AeKAzOvKHEFQKcn64OKBfzHYtE9zGjctNM7V9I0MfnUVLpi7M5g=="
    },
    "node_modules/dayjs": {
      "version": "1.11.10",
      "resolved": "https://registry.npmjs.org/dayjs/-/dayjs-1.11.10.tgz",
      "integrity": "sha512-vjAczensTgRcqDERK0SR2XMwsF/tSvnvlv6VcF2GIhg6Sx4yOIt/irsr1RDJsKiIyBzJDpCoXiWWq28MqH2cnQ=="
    },
    "node_modules/define-data-property": {
      "version": "1.1.4",
      "resolved": "https://registry.npmjs.org/define-data-property/-/define-data-property-1.1.4.tgz",
      "integrity": "sha512-rBMvIzlpA8v6E+SJZoo++HAYqsLrkg7MSfIinMPFhmkorw7X+dOXVJQs+QT69zGkzMyfDnIMN2Wid1+NbL3T+A==",
      "dependencies": {
        "es-define-property": "^1.0.0",
        "es-errors": "^1.3.0",
        "gopd": "^1.0.1"
      },
      "engines": {
        "node": ">= 0.4"
      },
      "funding": {
        "url": "https://github.com/sponsors/ljharb"
      }
    },
    "node_modules/dependency-graph": {
      "version": "0.11.0",
      "resolved": "https://registry.npmjs.org/dependency-graph/-/dependency-graph-0.11.0.tgz",
      "integrity": "sha512-JeMq7fEshyepOWDfcfHK06N3MhyPhz++vtqWhMT5O9A3K42rdsEDpfdVqjaqaAhsw6a+ZqeDvQVtD0hFHQWrzg==",
      "peer": true,
      "engines": {
        "node": ">= 0.6.0"
      }
    },
    "node_modules/dot-case": {
      "version": "3.0.4",
      "resolved": "https://registry.npmjs.org/dot-case/-/dot-case-3.0.4.tgz",
      "integrity": "sha512-Kv5nKlh6yRrdrGvxeJ2e5y2eRUpkUosIW4A2AS38zwSz27zu7ufDwQPi5Jhs3XAlGNetl3bmnGhQsMtkKJnj3w==",
      "dependencies": {
        "no-case": "^3.0.4",
        "tslib": "^2.0.3"
      }
    },
    "node_modules/dset": {
      "version": "3.1.3",
      "resolved": "https://registry.npmjs.org/dset/-/dset-3.1.3.tgz",
      "integrity": "sha512-20TuZZHCEZ2O71q9/+8BwKwZ0QtD9D8ObhrihJPr+vLLYlSuAU3/zL4cSlgbfeoGHTjCSJBa7NGcrF9/Bx/WJQ==",
      "engines": {
        "node": ">=4"
      }
    },
    "node_modules/es-define-property": {
      "version": "1.0.0",
      "resolved": "https://registry.npmjs.org/es-define-property/-/es-define-property-1.0.0.tgz",
      "integrity": "sha512-jxayLKShrEqqzJ0eumQbVhTYQM27CfT1T35+gCgDFoL82JLsXqTJ76zv6A0YLOgEnLUMvLzsDsGIrl8NFpT2gQ==",
      "dependencies": {
        "get-intrinsic": "^1.2.4"
      },
      "engines": {
        "node": ">= 0.4"
      }
    },
    "node_modules/es-errors": {
      "version": "1.3.0",
      "resolved": "https://registry.npmjs.org/es-errors/-/es-errors-1.3.0.tgz",
      "integrity": "sha512-Zf5H2Kxt2xjTvbJvP2ZWLEICxA6j+hAmMzIlypy4xcBg1vKVnx89Wy0GbS+kf5cwCVFFzdCFh2XSCFNULS6csw==",
      "engines": {
        "node": ">= 0.4"
      }
    },
    "node_modules/fast-decode-uri-component": {
      "version": "1.0.1",
      "resolved": "https://registry.npmjs.org/fast-decode-uri-component/-/fast-decode-uri-component-1.0.1.tgz",
      "integrity": "sha512-WKgKWg5eUxvRZGwW8FvfbaH7AXSh2cL+3j5fMGzUMCxWBJ3dV3a7Wz8y2f/uQ0e3B6WmodD3oS54jTQ9HVTIIg=="
    },
    "node_modules/fast-deep-equal": {
      "version": "3.1.3",
      "resolved": "https://registry.npmjs.org/fast-deep-equal/-/fast-deep-equal-3.1.3.tgz",
      "integrity": "sha512-f3qQ9oQy9j2AhBe/H9VC91wLmKBCCU/gDOnKNAYG5hswO7BLKj09Hc5HYNz9cGI++xlpDCIgDaitVs03ATR84Q=="
    },
    "node_modules/fast-querystring": {
      "version": "1.1.2",
      "resolved": "https://registry.npmjs.org/fast-querystring/-/fast-querystring-1.1.2.tgz",
      "integrity": "sha512-g6KuKWmFXc0fID8WWH0jit4g0AGBoJhCkJMb1RmbsSEUNvQ+ZC8D6CUZ+GtF8nMzSPXnhiePyyqqipzNNEnHjg==",
      "dependencies": {
        "fast-decode-uri-component": "^1.0.1"
      }
    },
    "node_modules/foreach": {
      "version": "2.0.6",
      "resolved": "https://registry.npmjs.org/foreach/-/foreach-2.0.6.tgz",
      "integrity": "sha512-k6GAGDyqLe9JaebCsFCoudPPWfihKu8pylYXRlqP1J7ms39iPoTtk2fviNglIeQEwdh0bQeKJ01ZPyuyQvKzwg=="
    },
    "node_modules/function-bind": {
      "version": "1.1.2",
      "resolved": "https://registry.npmjs.org/function-bind/-/function-bind-1.1.2.tgz",
      "integrity": "sha512-7XHNxH7qX9xG5mIwxkhumTox/MIRNcOgDrxWsMt2pAr23WHp6MrRlN7FBSFpCpr+oVO0F744iUgR82nJMfG2SA==",
      "funding": {
        "url": "https://github.com/sponsors/ljharb"
      }
    },
    "node_modules/get-intrinsic": {
      "version": "1.2.4",
      "resolved": "https://registry.npmjs.org/get-intrinsic/-/get-intrinsic-1.2.4.tgz",
      "integrity": "sha512-5uYhsJH8VJBTv7oslg4BznJYhDoRI6waYCxMmCdnTrcCrHA/fCFKoTFz2JKKE0HdDFUF7/oQuhzumXJK7paBRQ==",
      "dependencies": {
        "es-errors": "^1.3.0",
        "function-bind": "^1.1.2",
        "has-proto": "^1.0.1",
        "has-symbols": "^1.0.3",
        "hasown": "^2.0.0"
      },
      "engines": {
        "node": ">= 0.4"
      },
      "funding": {
        "url": "https://github.com/sponsors/ljharb"
      }
    },
    "node_modules/gopd": {
      "version": "1.0.1",
      "resolved": "https://registry.npmjs.org/gopd/-/gopd-1.0.1.tgz",
      "integrity": "sha512-d65bNlIadxvpb/A2abVdlqKqV563juRnZ1Wtk6s1sIR8uNsXR70xqIzVqxVf1eTqDunwT2MkczEeaezCKTZhwA==",
      "dependencies": {
        "get-intrinsic": "^1.1.3"
      },
      "funding": {
        "url": "https://github.com/sponsors/ljharb"
      }
    },
    "node_modules/graphql": {
      "version": "16.8.1",
      "resolved": "https://registry.npmjs.org/graphql/-/graphql-16.8.1.tgz",
      "integrity": "sha512-59LZHPdGZVh695Ud9lRzPBVTtlX9ZCV150Er2W43ro37wVof0ctenSaskPPjN7lVTIN8mSZt8PHUNKZuNQUuxw==",
      "engines": {
        "node": "^12.22.0 || ^14.16.0 || ^16.0.0 || >=17.0.0"
      }
    },
    "node_modules/graphql-compose": {
      "version": "9.0.10",
      "resolved": "https://registry.npmjs.org/graphql-compose/-/graphql-compose-9.0.10.tgz",
      "integrity": "sha512-UsVoxfi2+c8WbHl2pEB+teoRRZoY4mbWBoijeLDGpAZBSPChnqtSRjp+T9UcouLCwGr5ooNyOQLoI3OVzU1bPQ==",
      "dependencies": {
        "graphql-type-json": "0.3.2"
      }
    },
    "node_modules/graphql-fields": {
      "version": "2.0.3",
      "resolved": "https://registry.npmjs.org/graphql-fields/-/graphql-fields-2.0.3.tgz",
      "integrity": "sha512-x3VE5lUcR4XCOxPIqaO4CE+bTK8u6gVouOdpQX9+EKHr+scqtK5Pp/l8nIGqIpN1TUlkKE6jDCCycm/WtLRAwA=="
    },
    "node_modules/graphql-scalars": {
      "version": "1.22.5",
      "resolved": "https://registry.npmjs.org/graphql-scalars/-/graphql-scalars-1.22.5.tgz",
      "integrity": "sha512-Mw7uaqRscjdaXmxlHbt3sYGLU8o1hfFvTvN2VRrYEJyEPy6zGIbaFyJ4PPyt9H6GRHp01MQwS6HqXroRYHyGOg==",
      "dependencies": {
        "tslib": "^2.5.0"
      },
      "engines": {
        "node": ">=10"
      },
      "peerDependencies": {
        "graphql": "^0.8.0 || ^0.9.0 || ^0.10.0 || ^0.11.0 || ^0.12.0 || ^0.13.0 || ^14.0.0 || ^15.0.0 || ^16.0.0"
      }
    },
    "node_modules/graphql-type-json": {
      "version": "0.3.2",
      "resolved": "https://registry.npmjs.org/graphql-type-json/-/graphql-type-json-0.3.2.tgz",
      "integrity": "sha512-J+vjof74oMlCWXSvt0DOf2APEdZOCdubEvGDUAlqH//VBYcOYsGgRW7Xzorr44LvkjiuvecWc8fChxuZZbChtg==",
      "peerDependencies": {
        "graphql": ">=0.8.0"
      }
    },
    "node_modules/has-property-descriptors": {
      "version": "1.0.2",
      "resolved": "https://registry.npmjs.org/has-property-descriptors/-/has-property-descriptors-1.0.2.tgz",
      "integrity": "sha512-55JNKuIW+vq4Ke1BjOTjM2YctQIvCT7GFzHwmfZPGo5wnrgkid0YQtnAleFSqumZm4az3n2BS+erby5ipJdgrg==",
      "dependencies": {
        "es-define-property": "^1.0.0"
      },
      "funding": {
        "url": "https://github.com/sponsors/ljharb"
      }
    },
    "node_modules/has-proto": {
      "version": "1.0.3",
      "resolved": "https://registry.npmjs.org/has-proto/-/has-proto-1.0.3.tgz",
      "integrity": "sha512-SJ1amZAJUiZS+PhsVLf5tGydlaVB8EdFpaSO4gmiUKUOxk8qzn5AIy4ZeJUmh22znIdk/uMAUT2pl3FxzVUH+Q==",
      "engines": {
        "node": ">= 0.4"
      },
      "funding": {
        "url": "https://github.com/sponsors/ljharb"
      }
    },
    "node_modules/has-symbols": {
      "version": "1.0.3",
      "resolved": "https://registry.npmjs.org/has-symbols/-/has-symbols-1.0.3.tgz",
      "integrity": "sha512-l3LCuF6MgDNwTDKkdYGEihYjt5pRPbEg46rtlmnSPlUbgmB8LOIrKJbYYFBSbnPaJexMKtiPO8hmeRjRz2Td+A==",
      "engines": {
        "node": ">= 0.4"
      },
      "funding": {
        "url": "https://github.com/sponsors/ljharb"
      }
    },
    "node_modules/hasown": {
      "version": "2.0.1",
      "resolved": "https://registry.npmjs.org/hasown/-/hasown-2.0.1.tgz",
      "integrity": "sha512-1/th4MHjnwncwXsIW6QMzlvYL9kG5e/CpVvLRZe4XPa8TOUNbCELqmvhDmnkNsAjwaG4+I8gJJL0JBvTTLO9qA==",
      "dependencies": {
        "function-bind": "^1.1.2"
      },
      "engines": {
        "node": ">= 0.4"
      }
    },
    "node_modules/header-case": {
      "version": "2.0.4",
      "resolved": "https://registry.npmjs.org/header-case/-/header-case-2.0.4.tgz",
      "integrity": "sha512-H/vuk5TEEVZwrR0lp2zed9OCo1uAILMlx0JEMgC26rzyJJ3N1v6XkwHHXJQdR2doSjcGPM6OKPYoJgf0plJ11Q==",
      "dependencies": {
        "capital-case": "^1.0.4",
        "tslib": "^2.0.3"
      }
    },
    "node_modules/js-yaml": {
      "version": "4.1.0",
      "resolved": "https://registry.npmjs.org/js-yaml/-/js-yaml-4.1.0.tgz",
      "integrity": "sha512-wpxZs9NoxZaJESJGIZTyDEaYpl0FKSA+FB9aJiyemKhMwkxQg63h4T1KJgUGHpTqPDNRcmmYLugrRjJlBtWvRA==",
      "peer": true,
      "dependencies": {
        "argparse": "^2.0.1"
      },
      "bin": {
        "js-yaml": "bin/js-yaml.js"
      }
    },
    "node_modules/json-machete": {
      "version": "0.97.1",
      "resolved": "https://registry.npmjs.org/json-machete/-/json-machete-0.97.1.tgz",
      "integrity": "sha512-VVP7qfJvNrwbMbomn7LgzNls8MaKLG7scHnlHalajbIE6+X3lVr3TIUyeTTzrDq9WOCshXPzQBpdI3XlD2q4eg==",
      "dependencies": {
        "@json-schema-tools/meta-schema": "1.7.0",
        "cross-inspect": "1.0.0",
        "json-pointer": "0.6.2",
        "to-json-schema": "0.2.5",
        "url-join": "4.0.1"
      },
      "engines": {
        "node": ">=16.0.0"
      },
      "peerDependencies": {
        "tslib": "^2.4.0"
      }
    },
    "node_modules/json-pointer": {
      "version": "0.6.2",
      "resolved": "https://registry.npmjs.org/json-pointer/-/json-pointer-0.6.2.tgz",
      "integrity": "sha512-vLWcKbOaXlO+jvRy4qNd+TI1QUPZzfJj1tpJ3vAXDych5XJf93ftpUKe5pKCrzyIIwgBJcOcCVRUfqQP25afBw==",
      "dependencies": {
        "foreach": "^2.0.4"
      }
    },
    "node_modules/json-schema-traverse": {
      "version": "1.0.0",
      "resolved": "https://registry.npmjs.org/json-schema-traverse/-/json-schema-traverse-1.0.0.tgz",
      "integrity": "sha512-NM8/P9n3XjXhIZn1lLhkFaACTOURQXjWhV4BA/RnOv8xvgqtqpAX9IO4mRQxSx1Rlo4tqzeqb0sOlruaOy3dug=="
    },
    "node_modules/lodash.get": {
      "version": "4.4.2",
      "resolved": "https://registry.npmjs.org/lodash.get/-/lodash.get-4.4.2.tgz",
      "integrity": "sha512-z+Uw/vLuy6gQe8cfaFWD7p0wVv8fJl3mbzXh33RS+0oW2wvUqiRXiQ69gLWSLpgB5/6sU+r6BlQR0MBILadqTQ=="
    },
    "node_modules/lodash.isequal": {
      "version": "4.5.0",
      "resolved": "https://registry.npmjs.org/lodash.isequal/-/lodash.isequal-4.5.0.tgz",
      "integrity": "sha512-pDo3lu8Jhfjqls6GkMgpahsF9kCyayhgykjyLMNFTKWrpVdAQtYyB4muAMWozBB4ig/dtWAmsMxLEI8wuz+DYQ=="
    },
    "node_modules/lodash.keys": {
      "version": "4.2.0",
      "resolved": "https://registry.npmjs.org/lodash.keys/-/lodash.keys-4.2.0.tgz",
      "integrity": "sha512-J79MkJcp7Df5mizHiVNpjoHXLi4HLjh9VLS/M7lQSGoQ+0oQ+lWEigREkqKyizPB1IawvQLLKY8mzEcm1tkyxQ=="
    },
    "node_modules/lodash.merge": {
      "version": "4.6.2",
      "resolved": "https://registry.npmjs.org/lodash.merge/-/lodash.merge-4.6.2.tgz",
      "integrity": "sha512-0KpjqXRVvrYyCsX1swR/XTK0va6VQkQM6MNo7PqW77ByjAhoARA8EfrP1N4+KlKj8YS0ZUCtRT/YUuhyYDujIQ=="
    },
    "node_modules/lodash.omit": {
      "version": "4.5.0",
      "resolved": "https://registry.npmjs.org/lodash.omit/-/lodash.omit-4.5.0.tgz",
      "integrity": "sha512-XeqSp49hNGmlkj2EJlfrQFIzQ6lXdNro9sddtQzcJY8QaoC2GO0DT7xaIokHeyM+mIT0mPMlPvkYzg2xCuHdZg=="
    },
    "node_modules/lodash.topath": {
      "version": "4.5.2",
      "resolved": "https://registry.npmjs.org/lodash.topath/-/lodash.topath-4.5.2.tgz",
      "integrity": "sha512-1/W4dM+35DwvE/iEd1M9ekewOSTlpFekhw9mhAtrwjVqUr83/ilQiyAvmg4tVX7Unkcfl1KC+i9WdaT4B6aQcg==",
      "peer": true
    },
    "node_modules/lodash.without": {
      "version": "4.4.0",
      "resolved": "https://registry.npmjs.org/lodash.without/-/lodash.without-4.4.0.tgz",
      "integrity": "sha512-M3MefBwfDhgKgINVuBJCO1YR3+gf6s9HNJsIiZ/Ru77Ws6uTb9eBuvrkpzO+9iLoAaRodGuq7tyrPCx+74QYGQ=="
    },
    "node_modules/lodash.xor": {
      "version": "4.5.0",
      "resolved": "https://registry.npmjs.org/lodash.xor/-/lodash.xor-4.5.0.tgz",
      "integrity": "sha512-sVN2zimthq7aZ5sPGXnSz32rZPuqcparVW50chJQe+mzTYV+IsxSsl/2gnkWWE2Of7K3myBQBqtLKOUEHJKRsQ=="
    },
    "node_modules/lower-case": {
      "version": "2.0.2",
      "resolved": "https://registry.npmjs.org/lower-case/-/lower-case-2.0.2.tgz",
      "integrity": "sha512-7fm3l3NAF9WfN6W3JOmf5drwpVqX78JtoGJ3A6W0a6ZnldM41w2fV5D490psKFTpMds8TJse/eHLFFsNHHjHgg==",
      "dependencies": {
        "tslib": "^2.0.3"
      }
    },
    "node_modules/no-case": {
      "version": "3.0.4",
      "resolved": "https://registry.npmjs.org/no-case/-/no-case-3.0.4.tgz",
      "integrity": "sha512-fgAN3jGAh+RoxUGZHTSOLJIqUc2wmoBwGR4tbpNAKmmovFoWq0OdRkb0VkldReO2a2iBT/OEulG9XSUc10r3zg==",
      "dependencies": {
        "lower-case": "^2.0.2",
        "tslib": "^2.0.3"
      }
    },
    "node_modules/object-inspect": {
      "version": "1.12.3",
      "resolved": "https://registry.npmjs.org/object-inspect/-/object-inspect-1.12.3.tgz",
      "integrity": "sha512-geUvdk7c+eizMNUDkRpW1wJwgfOiOeHbxBR/hLXK1aT6zmVSO0jsQcs7fj6MGw89jC/cjGfLcNOrtMYtGqm81g==",
      "peer": true,
      "funding": {
        "url": "https://github.com/sponsors/ljharb"
      }
    },
    "node_modules/openapi-types": {
      "version": "12.1.3",
      "resolved": "https://registry.npmjs.org/openapi-types/-/openapi-types-12.1.3.tgz",
      "integrity": "sha512-N4YtSYJqghVu4iek2ZUvcN/0aqH1kRDuNqzcycDxhOUpg7GdvLa2F3DgS6yBNhInhv2r/6I0Flkn7CqL8+nIcw=="
    },
    "node_modules/param-case": {
      "version": "3.0.4",
      "resolved": "https://registry.npmjs.org/param-case/-/param-case-3.0.4.tgz",
      "integrity": "sha512-RXlj7zCYokReqWpOPH9oYivUzLYZ5vAPIfEmCTNViosC78F8F0H9y7T7gG2M39ymgutxF5gcFEsyZQSph9Bp3A==",
      "dependencies": {
        "dot-case": "^3.0.4",
        "tslib": "^2.0.3"
      }
    },
    "node_modules/pascal-case": {
      "version": "3.1.2",
      "resolved": "https://registry.npmjs.org/pascal-case/-/pascal-case-3.1.2.tgz",
      "integrity": "sha512-uWlGT3YSnK9x3BQJaOdcZwrnV6hPpd8jFH1/ucpiLRPh/2zCVJKS19E4GvYHvaCcACn3foXZ0cLB9Wrx1KGe5g==",
      "dependencies": {
        "no-case": "^3.0.4",
        "tslib": "^2.0.3"
      }
    },
    "node_modules/path-browserify": {
      "version": "1.0.1",
      "resolved": "https://registry.npmjs.org/path-browserify/-/path-browserify-1.0.1.tgz",
      "integrity": "sha512-b7uo2UCUOYZcnF/3ID0lulOJi/bafxa1xPe7ZPsammBSpjSWQkjNxlt635YGS2MiR9GjvuXCtz2emr3jbsz98g==",
      "peer": true
    },
    "node_modules/path-case": {
      "version": "3.0.4",
      "resolved": "https://registry.npmjs.org/path-case/-/path-case-3.0.4.tgz",
      "integrity": "sha512-qO4qCFjXqVTrcbPt/hQfhTQ+VhFsqNKOPtytgNKkKxSoEp3XPUQ8ObFuePylOIok5gjn69ry8XiULxCwot3Wfg==",
      "dependencies": {
        "dot-case": "^3.0.4",
        "tslib": "^2.0.3"
      }
    },
    "node_modules/punycode": {
      "version": "2.3.1",
      "resolved": "https://registry.npmjs.org/punycode/-/punycode-2.3.1.tgz",
      "integrity": "sha512-vYt7UD1U9Wg6138shLtLOvdAu+8DsC/ilFtEVHcH+wydcSpNE20AfSOduf6MkRFahL5FY7X1oU7nKVZFtfq8Fg==",
      "engines": {
        "node": ">=6"
      }
    },
    "node_modules/qs": {
      "version": "6.11.2",
      "resolved": "https://registry.npmjs.org/qs/-/qs-6.11.2.tgz",
      "integrity": "sha512-tDNIz22aBzCDxLtVH++VnTfzxlfeK5CbqohpSqpJgj1Wg/cQbStNAz3NuqCs5vV+pjBsK4x4pN9HlVh7rcYRiA==",
      "dependencies": {
        "side-channel": "^1.0.4"
      },
      "engines": {
        "node": ">=0.6"
      },
      "funding": {
        "url": "https://github.com/sponsors/ljharb"
      }
    },
    "node_modules/require-from-string": {
      "version": "2.0.2",
      "resolved": "https://registry.npmjs.org/require-from-string/-/require-from-string-2.0.2.tgz",
      "integrity": "sha512-Xf0nWe6RseziFMu+Ap9biiUbmplq6S9/p+7w7YXP/JBHhrUDDUhwa+vANyubuqfZWTveU//DYVGsDG7RKL/vEw==",
      "engines": {
        "node": ">=0.10.0"
      }
    },
    "node_modules/sentence-case": {
      "version": "3.0.4",
      "resolved": "https://registry.npmjs.org/sentence-case/-/sentence-case-3.0.4.tgz",
      "integrity": "sha512-8LS0JInaQMCRoQ7YUytAo/xUu5W2XnQxV2HI/6uM6U7CITS1RqPElr30V6uIqyMKM9lJGRVFy5/4CuzcixNYSg==",
      "dependencies": {
        "no-case": "^3.0.4",
        "tslib": "^2.0.3",
        "upper-case-first": "^2.0.2"
      }
    },
    "node_modules/set-function-length": {
      "version": "1.2.1",
      "resolved": "https://registry.npmjs.org/set-function-length/-/set-function-length-1.2.1.tgz",
      "integrity": "sha512-j4t6ccc+VsKwYHso+kElc5neZpjtq9EnRICFZtWyBsLojhmeF/ZBd/elqm22WJh/BziDe/SBiOeAt0m2mfLD0g==",
      "dependencies": {
        "define-data-property": "^1.1.2",
        "es-errors": "^1.3.0",
        "function-bind": "^1.1.2",
        "get-intrinsic": "^1.2.3",
        "gopd": "^1.0.1",
        "has-property-descriptors": "^1.0.1"
      },
      "engines": {
        "node": ">= 0.4"
      }
    },
    "node_modules/side-channel": {
      "version": "1.0.6",
      "resolved": "https://registry.npmjs.org/side-channel/-/side-channel-1.0.6.tgz",
      "integrity": "sha512-fDW/EZ6Q9RiO8eFG8Hj+7u/oW+XrPTIChwCOM2+th2A6OblDtYYIpve9m+KvI9Z4C9qSEXlaGR6bTEYHReuglA==",
      "dependencies": {
        "call-bind": "^1.0.7",
        "es-errors": "^1.3.0",
        "get-intrinsic": "^1.2.4",
        "object-inspect": "^1.13.1"
      },
      "engines": {
        "node": ">= 0.4"
      },
      "funding": {
        "url": "https://github.com/sponsors/ljharb"
      }
    },
    "node_modules/side-channel/node_modules/object-inspect": {
      "version": "1.13.1",
      "resolved": "https://registry.npmjs.org/object-inspect/-/object-inspect-1.13.1.tgz",
      "integrity": "sha512-5qoj1RUiKOMsCCNLV1CBiPYE10sziTsnmNxkAI/rZhiD63CF7IqdFGC/XzjWjpSgLf0LxXX3bDFIh0E18f6UhQ==",
      "funding": {
        "url": "https://github.com/sponsors/ljharb"
      }
    },
    "node_modules/snake-case": {
      "version": "3.0.4",
      "resolved": "https://registry.npmjs.org/snake-case/-/snake-case-3.0.4.tgz",
      "integrity": "sha512-LAOh4z89bGQvl9pFfNF8V146i7o7/CqFPbqzYgP+yYzDIDeS9HaNFtXABamRW+AQzEVODcvE79ljJ+8a9YSdMg==",
      "dependencies": {
        "dot-case": "^3.0.4",
        "tslib": "^2.0.3"
      }
    },
    "node_modules/streamsearch": {
      "version": "1.1.0",
      "resolved": "https://registry.npmjs.org/streamsearch/-/streamsearch-1.1.0.tgz",
      "integrity": "sha512-Mcc5wHehp9aXz1ax6bZUyY5afg9u2rv5cqQI3mRrYkGC8rW2hM02jWuwjtL++LS5qinSyhj2QfLyNsuc+VsExg==",
      "engines": {
        "node": ">=10.0.0"
      }
    },
    "node_modules/tiny-lru": {
      "version": "11.2.5",
      "resolved": "https://registry.npmjs.org/tiny-lru/-/tiny-lru-11.2.5.tgz",
      "integrity": "sha512-JpqM0K33lG6iQGKiigcwuURAKZlq6rHXfrgeL4/I8/REoyJTGU+tEMszvT/oTRVHG2OiylhGDjqPp1jWMlr3bw==",
      "peer": true,
      "engines": {
        "node": ">=12"
      }
    },
    "node_modules/to-json-schema": {
      "version": "0.2.5",
      "resolved": "https://registry.npmjs.org/to-json-schema/-/to-json-schema-0.2.5.tgz",
      "integrity": "sha512-jP1ievOee8pec3tV9ncxLSS48Bnw7DIybgy112rhMCEhf3K4uyVNZZHr03iQQBzbV5v5Hos+dlZRRyk6YSMNDw==",
      "dependencies": {
        "lodash.isequal": "^4.5.0",
        "lodash.keys": "^4.2.0",
        "lodash.merge": "^4.6.2",
        "lodash.omit": "^4.5.0",
        "lodash.without": "^4.4.0",
        "lodash.xor": "^4.5.0"
      }
    },
    "node_modules/tslib": {
      "version": "2.6.2",
      "resolved": "https://registry.npmjs.org/tslib/-/tslib-2.6.2.tgz",
      "integrity": "sha512-AEYxH93jGFPn/a2iVAwW87VuUIkR1FVUKB77NwMF7nBTDkDrrT/Hpt/IrCJ0QXhW27jTBDcf5ZY7w6RiqTMw2Q=="
    },
    "node_modules/upper-case": {
      "version": "2.0.2",
      "resolved": "https://registry.npmjs.org/upper-case/-/upper-case-2.0.2.tgz",
      "integrity": "sha512-KgdgDGJt2TpuwBUIjgG6lzw2GWFRCW9Qkfkiv0DxqHHLYJHmtmdUIKcZd8rHgFSjopVTlw6ggzCm1b8MFQwikg==",
      "dependencies": {
        "tslib": "^2.0.3"
      }
    },
    "node_modules/upper-case-first": {
      "version": "2.0.2",
      "resolved": "https://registry.npmjs.org/upper-case-first/-/upper-case-first-2.0.2.tgz",
      "integrity": "sha512-514ppYHBaKwfJRK/pNC6c/OxfGa0obSnAl106u97Ed0I625Nin96KAjttZF6ZL3e1XLtphxnqrOi9iWgm+u+bg==",
      "dependencies": {
        "tslib": "^2.0.3"
      }
    },
    "node_modules/uri-js": {
      "version": "4.4.1",
      "resolved": "https://registry.npmjs.org/uri-js/-/uri-js-4.4.1.tgz",
      "integrity": "sha512-7rKUyy33Q1yc98pQ1DAmLtwX109F7TIfWlW1Ydo8Wl1ii1SeHieeh0HHfPeL2fMXK6z0s8ecKs9frCuLJvndBg==",
      "dependencies": {
        "punycode": "^2.1.0"
      }
    },
    "node_modules/url-join": {
      "version": "4.0.1",
      "resolved": "https://registry.npmjs.org/url-join/-/url-join-4.0.1.tgz",
      "integrity": "sha512-jk1+QP6ZJqyOiuEI9AEWQfju/nB2Pw466kbA0LEZljHwKeMgd9WrAEgEGxjPDD2+TNbbb37rTyhEfrCXfuKXnA=="
    },
    "node_modules/urlpattern-polyfill": {
      "version": "10.0.0",
      "resolved": "https://registry.npmjs.org/urlpattern-polyfill/-/urlpattern-polyfill-10.0.0.tgz",
      "integrity": "sha512-H/A06tKD7sS1O1X2SshBVeA5FLycRpjqiBeqGKmBwBDBy28EnRjORxTNe269KSSr5un5qyWi1iL61wLxpd+ZOg=="
    },
    "node_modules/value-or-promise": {
      "version": "1.0.12",
      "resolved": "https://registry.npmjs.org/value-or-promise/-/value-or-promise-1.0.12.tgz",
      "integrity": "sha512-Z6Uz+TYwEqE7ZN50gwn+1LCVo9ZVrpxRPOhOLnncYkY1ZzOYtrX8Fwf/rFktZ8R5mJms6EZf5TqNOMeZmnPq9Q==",
      "engines": {
        "node": ">=12"
      }
    }
  }
}
